# This file is generated by running "yarn install" inside your project.
# Manual changes might be lost - proceed with caution!

__metadata:
  version: 8
  cacheKey: 10c0

"marked@npm:^16.2.1":
  version: 16.2.1
  resolution: "marked@npm:16.2.1"
  bin:
    marked: bin/marked.js
  checksum: 10c0/0f4a259c8a7884a14830f06b4b44c0e5fab27924102f2713606e0627c8473d130ab9070900a40c18b0e8d39ba2f31194ce6931999ba4c7bd3b6240f6cfe9cbb3
  languageName: node
  linkType: hard

"rizfolio@workspace:.":
  version: 0.0.0-use.local
  resolution: "rizfolio@workspace:."
  dependencies:
    marked: "npm:^16.2.1"
  languageName: unknown
  linkType: soft
